
Microsoft Visual Studio Solution File, Format Version 12.00
# Visual Studio Version 17
VisualStudioVersion = 17.0.32112.339
MinimumVisualStudioVersion = 10.0.40219.1
Project("{FAE04EC0-301F-11D3-BF4B-00C04F79EFBC}") = "AutoLot.Models", "AutoLot.Models\AutoLot.Models.csproj", "{6FE98946-E106-4782-9375-3E4DD796528E}"
EndProject
Project("{FAE04EC0-301F-11D3-BF4B-00C04F79EFBC}") = "AutoLot.Dal", "AutoLot.Dal\AutoLot.Dal.csproj", "{73BAF154-2266-46FD-907F-DC9BB5A185BF}"
EndProject
Project("{FAE04EC0-301F-11D3-BF4B-00C04F79EFBC}") = "AutoLot.Dal.Tests", "AutoLot.Dal.Tests\AutoLot.Dal.Tests.csproj", "{0376E4E6-60DD-4A59-91DB-F4EB5775F9C9}"
EndProject
Global
	GlobalSection(SolutionConfigurationPlatforms) = preSolution
		Debug|Any CPU = Debug|Any CPU
		Release|Any CPU = Release|Any CPU
	EndGlobalSection
	GlobalSection(ProjectConfigurationPlatforms) = postSolution
		{6FE98946-E106-4782-9375-3E4DD796528E}.Debug|Any CPU.ActiveCfg = Debug|Any CPU
		{6FE98946-E106-4782-9375-3E4DD796528E}.Debug|Any CPU.Build.0 = Debug|Any CPU
		{6FE98946-E106-4782-9375-3E4DD796528E}.Release|Any CPU.ActiveCfg = Release|Any CPU
		{6FE98946-E106-4782-9375-3E4DD796528E}.Release|Any CPU.Build.0 = Release|Any CPU
		{73BAF154-2266-46FD-907F-DC9BB5A185BF}.Debug|Any CPU.ActiveCfg = Debug|Any CPU
		{73BAF154-2266-46FD-907F-DC9BB5A185BF}.Debug|Any CPU.Build.0 = Debug|Any CPU
		{73BAF154-2266-46FD-907F-DC9BB5A185BF}.Release|Any CPU.ActiveCfg = Release|Any CPU
		{73BAF154-2266-46FD-907F-DC9BB5A185BF}.Release|Any CPU.Build.0 = Release|Any CPU
		{0376E4E6-60DD-4A59-91DB-F4EB5775F9C9}.Debug|Any CPU.ActiveCfg = Debug|Any CPU
		{0376E4E6-60DD-4A59-91DB-F4EB5775F9C9}.Debug|Any CPU.Build.0 = Debug|Any CPU
		{0376E4E6-60DD-4A59-91DB-F4EB5775F9C9}.Release|Any CPU.ActiveCfg = Release|Any CPU
		{0376E4E6-60DD-4A59-91DB-F4EB5775F9C9}.Release|Any CPU.Build.0 = Release|Any CPU
	EndGlobalSection
	GlobalSection(SolutionProperties) = preSolution
		HideSolutionNode = FALSE
	EndGlobalSection
	GlobalSection(ExtensibilityGlobals) = postSolution
		SolutionGuid = {DD782301-5211-4709-AB4E-11439C357A4E}
	EndGlobalSection
EndGlobal
