
Microsoft Visual Studio Solution File, Format Version 12.00
# Visual Studio Version 17
VisualStudioVersion = 17.0.32112.339
MinimumVisualStudioVersion = 10.0.40219.1
Project("{9A19103F-16F7-4668-BE54-9A1E7A4F7556}") = "MathLibrary", "MathLibrary\MathLibrary.csproj", "{89AC98E6-033C-4B5E-BDE1-B360570E7B3B}"
EndProject
Project("{9A19103F-16F7-4668-BE54-9A1E7A4F7556}") = "LateBindingWithDynamic", "LateBindingWithDynamic\LateBindingWithDynamic.csproj", "{64A864AB-08BF-4A3C-AFED-25F25E25282F}"
	ProjectSection(ProjectDependencies) = postProject
		{89AC98E6-033C-4B5E-BDE1-B360570E7B3B} = {89AC98E6-033C-4B5E-BDE1-B360570E7B3B}
	EndProjectSection
EndProject
Project("{FAE04EC0-301F-11D3-BF4B-00C04F79EFBC}") = "ExportDataToOfficeApp", "ExportDataToOfficeApp\ExportDataToOfficeApp.csproj", "{BA4A520D-C685-43CF-A10E-3C5CACBF96CE}"
EndProject
Global
	GlobalSection(SolutionConfigurationPlatforms) = preSolution
		Debug|Any CPU = Debug|Any CPU
		Release|Any CPU = Release|Any CPU
	EndGlobalSection
	GlobalSection(ProjectConfigurationPlatforms) = postSolution
		{89AC98E6-033C-4B5E-BDE1-B360570E7B3B}.Debug|Any CPU.ActiveCfg = Debug|Any CPU
		{89AC98E6-033C-4B5E-BDE1-B360570E7B3B}.Debug|Any CPU.Build.0 = Debug|Any CPU
		{89AC98E6-033C-4B5E-BDE1-B360570E7B3B}.Release|Any CPU.ActiveCfg = Release|Any CPU
		{89AC98E6-033C-4B5E-BDE1-B360570E7B3B}.Release|Any CPU.Build.0 = Release|Any CPU
		{64A864AB-08BF-4A3C-AFED-25F25E25282F}.Debug|Any CPU.ActiveCfg = Debug|Any CPU
		{64A864AB-08BF-4A3C-AFED-25F25E25282F}.Debug|Any CPU.Build.0 = Debug|Any CPU
		{64A864AB-08BF-4A3C-AFED-25F25E25282F}.Release|Any CPU.ActiveCfg = Release|Any CPU
		{64A864AB-08BF-4A3C-AFED-25F25E25282F}.Release|Any CPU.Build.0 = Release|Any CPU
		{BA4A520D-C685-43CF-A10E-3C5CACBF96CE}.Debug|Any CPU.ActiveCfg = Debug|Any CPU
		{BA4A520D-C685-43CF-A10E-3C5CACBF96CE}.Debug|Any CPU.Build.0 = Debug|Any CPU
		{BA4A520D-C685-43CF-A10E-3C5CACBF96CE}.Release|Any CPU.ActiveCfg = Release|Any CPU
		{BA4A520D-C685-43CF-A10E-3C5CACBF96CE}.Release|Any CPU.Build.0 = Release|Any CPU
	EndGlobalSection
	GlobalSection(SolutionProperties) = preSolution
		HideSolutionNode = FALSE
	EndGlobalSection
	GlobalSection(ExtensibilityGlobals) = postSolution
		SolutionGuid = {41059FD3-E9CB-4B13-9949-61BD9CDE4361}
	EndGlobalSection
EndGlobal
