
Microsoft Visual Studio Solution File, Format Version 12.00
# Visual Studio Version 17
VisualStudioVersion = 17.0.32112.339
MinimumVisualStudioVersion = 10.0.40219.1
Project("{9A19103F-16F7-4668-BE54-9A1E7A4F7556}") = "MetaDataViewer", "ConsoleApp1\MetaDataViewer.csproj", "{4D0DE5D6-4E7E-4E36-9AA5-DD676168C6D2}"
EndProject
Global
	GlobalSection(SolutionConfigurationPlatforms) = preSolution
		Debug|Any CPU = Debug|Any CPU
		Release|Any CPU = Release|Any CPU
	EndGlobalSection
	GlobalSection(ProjectConfigurationPlatforms) = postSolution
		{4D0DE5D6-4E7E-4E36-9AA5-DD676168C6D2}.Debug|Any CPU.ActiveCfg = Debug|Any CPU
		{4D0DE5D6-4E7E-4E36-9AA5-DD676168C6D2}.Debug|Any CPU.Build.0 = Debug|Any CPU
		{4D0DE5D6-4E7E-4E36-9AA5-DD676168C6D2}.Release|Any CPU.ActiveCfg = Release|Any CPU
		{4D0DE5D6-4E7E-4E36-9AA5-DD676168C6D2}.Release|Any CPU.Build.0 = Release|Any CPU
	EndGlobalSection
	GlobalSection(SolutionProperties) = preSolution
		HideSolutionNode = FALSE
	EndGlobalSection
	GlobalSection(ExtensibilityGlobals) = postSolution
		SolutionGuid = {A991AA6D-9FDE-41C9-B409-0CFA7D432925}
	EndGlobalSection
EndGlobal
