
Microsoft Visual Studio Solution File, Format Version 12.00
# Visual Studio Version 17
VisualStudioVersion = 17.0.32112.339
MinimumVisualStudioVersion = 10.0.40219.1
Project("{9A19103F-16F7-4668-BE54-9A1E7A4F7556}") = "CommonSnappableTypes", "CommonSnappableTypes\CommonSnappableTypes.csproj", "{1A6E01B3-67DD-4A46-844F-91DE88B12005}"
EndProject
Project("{9A19103F-16F7-4668-BE54-9A1E7A4F7556}") = "CSharpSnapIn", "CSharpSnapIn\CSharpSnapIn.csproj", "{12C85184-B0B9-4BD6-BB89-45A643DCF820}"
EndProject
Project("{778DAE3C-4631-46EA-AA77-85C1314464D9}") = "VBSnapIn", "VBSnapIn\VBSnapIn.vbproj", "{1511AA7E-E003-4724-9341-C5031F9C169B}"
EndProject
Project("{9A19103F-16F7-4668-BE54-9A1E7A4F7556}") = "MyExtendableApp", "MyExtendableApp\MyExtendableApp.csproj", "{13141D6C-1CDC-4C0B-A3B2-321120FC0461}"
	ProjectSection(ProjectDependencies) = postProject
		{1511AA7E-E003-4724-9341-C5031F9C169B} = {1511AA7E-E003-4724-9341-C5031F9C169B}
		{12C85184-B0B9-4BD6-BB89-45A643DCF820} = {12C85184-B0B9-4BD6-BB89-45A643DCF820}
	EndProjectSection
EndProject
Global
	GlobalSection(SolutionConfigurationPlatforms) = preSolution
		Debug|Any CPU = Debug|Any CPU
		Release|Any CPU = Release|Any CPU
	EndGlobalSection
	GlobalSection(ProjectConfigurationPlatforms) = postSolution
		{1A6E01B3-67DD-4A46-844F-91DE88B12005}.Debug|Any CPU.ActiveCfg = Debug|Any CPU
		{1A6E01B3-67DD-4A46-844F-91DE88B12005}.Debug|Any CPU.Build.0 = Debug|Any CPU
		{1A6E01B3-67DD-4A46-844F-91DE88B12005}.Release|Any CPU.ActiveCfg = Release|Any CPU
		{1A6E01B3-67DD-4A46-844F-91DE88B12005}.Release|Any CPU.Build.0 = Release|Any CPU
		{12C85184-B0B9-4BD6-BB89-45A643DCF820}.Debug|Any CPU.ActiveCfg = Debug|Any CPU
		{12C85184-B0B9-4BD6-BB89-45A643DCF820}.Debug|Any CPU.Build.0 = Debug|Any CPU
		{12C85184-B0B9-4BD6-BB89-45A643DCF820}.Release|Any CPU.ActiveCfg = Release|Any CPU
		{12C85184-B0B9-4BD6-BB89-45A643DCF820}.Release|Any CPU.Build.0 = Release|Any CPU
		{1511AA7E-E003-4724-9341-C5031F9C169B}.Debug|Any CPU.ActiveCfg = Debug|Any CPU
		{1511AA7E-E003-4724-9341-C5031F9C169B}.Debug|Any CPU.Build.0 = Debug|Any CPU
		{1511AA7E-E003-4724-9341-C5031F9C169B}.Release|Any CPU.ActiveCfg = Release|Any CPU
		{1511AA7E-E003-4724-9341-C5031F9C169B}.Release|Any CPU.Build.0 = Release|Any CPU
		{13141D6C-1CDC-4C0B-A3B2-321120FC0461}.Debug|Any CPU.ActiveCfg = Debug|Any CPU
		{13141D6C-1CDC-4C0B-A3B2-321120FC0461}.Debug|Any CPU.Build.0 = Debug|Any CPU
		{13141D6C-1CDC-4C0B-A3B2-321120FC0461}.Release|Any CPU.ActiveCfg = Release|Any CPU
		{13141D6C-1CDC-4C0B-A3B2-321120FC0461}.Release|Any CPU.Build.0 = Release|Any CPU
	EndGlobalSection
	GlobalSection(SolutionProperties) = preSolution
		HideSolutionNode = FALSE
	EndGlobalSection
	GlobalSection(ExtensibilityGlobals) = postSolution
		SolutionGuid = {D1BC4615-9B8C-440E-9F9D-4B5A016344DD}
	EndGlobalSection
EndGlobal
